
Microsoft Visual Studio Solution File, Format Version 12.00
# Visual Studio Version 16
VisualStudioVersion = 16.0.29409.12
MinimumVisualStudioVersion = 10.0.40219.1
Project("{9A19103F-16F7-4668-BE54-9A1E7A4F7556}") = "SpiralPoolTree", "SpiralPoolTree\SpiralPoolTree.csproj", "{A3B78407-04AC-4E57-A729-F995BA8B4000}"
EndProject
Global
	GlobalSection(SolutionConfigurationPlatforms) = preSolution
		Debug|Any CPU = Debug|Any CPU
		Release|Any CPU = Release|Any CPU
	EndGlobalSection
	GlobalSection(ProjectConfigurationPlatforms) = postSolution
		{A3B78407-04AC-4E57-A729-F995BA8B4000}.Debug|Any CPU.ActiveCfg = Debug|Any CPU
		{A3B78407-04AC-4E57-A729-F995BA8B4000}.Debug|Any CPU.Build.0 = Debug|Any CPU
		{A3B78407-04AC-4E57-A729-F995BA8B4000}.Release|Any CPU.ActiveCfg = Release|Any CPU
		{A3B78407-04AC-4E57-A729-F995BA8B4000}.Release|Any CPU.Build.0 = Release|Any CPU
	EndGlobalSection
	GlobalSection(SolutionProperties) = preSolution
		HideSolutionNode = FALSE
	EndGlobalSection
	GlobalSection(ExtensibilityGlobals) = postSolution
		SolutionGuid = {305EF84B-CA1A-457B-B855-B39256464178}
	EndGlobalSection
EndGlobal
